
Microsoft Visual Studio Solution File, Format Version 12.00
# Visual Studio Version 17
VisualStudioVersion = 17.3.32804.467
MinimumVisualStudioVersion = 10.0.40219.1
Project("{FAE04EC0-301F-11D3-BF4B-00C04F79EFBC}") = "Recapitulacao orientacao obj exec 01", "Recapitulacao orientacao obj exec 01\Recapitulacao orientacao obj exec 01.csproj", "{884C3A40-443B-41EE-91B2-C622E9A519EA}"
EndProject
Global
	GlobalSection(SolutionConfigurationPlatforms) = preSolution
		Debug|Any CPU = Debug|Any CPU
		Release|Any CPU = Release|Any CPU
	EndGlobalSection
	GlobalSection(ProjectConfigurationPlatforms) = postSolution
		{884C3A40-443B-41EE-91B2-C622E9A519EA}.Debug|Any CPU.ActiveCfg = Debug|Any CPU
		{884C3A40-443B-41EE-91B2-C622E9A519EA}.Debug|Any CPU.Build.0 = Debug|Any CPU
		{884C3A40-443B-41EE-91B2-C622E9A519EA}.Release|Any CPU.ActiveCfg = Release|Any CPU
		{884C3A40-443B-41EE-91B2-C622E9A519EA}.Release|Any CPU.Build.0 = Release|Any CPU
	EndGlobalSection
	GlobalSection(SolutionProperties) = preSolution
		HideSolutionNode = FALSE
	EndGlobalSection
	GlobalSection(ExtensibilityGlobals) = postSolution
		SolutionGuid = {4319325B-C775-4E79-B5DE-4B1A30642637}
	EndGlobalSection
EndGlobal
